{
  "nodes": {
    "i3": {
      "locked": {
        "path": "./i3",
        "type": "path"
      },
      "original": {
        "path": "./i3",
        "type": "path"
      },
      "parent": []
    },
    "root": {
      "inputs": {
        "i3": "i3"
      }
    }
  },
  "root": "root",
  "version": 7
}
